
Microsoft Visual Studio Solution File, Format Version 12.00
# Visual Studio 15
VisualStudioVersion = 15.0.27004.2002
MinimumVisualStudioVersion = 10.0.40219.1
Project("{FAE04EC0-301F-11D3-BF4B-00C04F79EFBC}") = "TSP", "WindowsFormsApplication1\TSP.csproj", "{8AE870FA-ED7A-4D15-8944-F737939E84BA}"
EndProject
Project("{2150E333-8FDC-42A3-9474-1A3956D46DE8}") = "Solution Items", "Solution Items", "{AD2F4FCB-AB48-4189-BA3C-B1C51144CB10}"
EndProject
Global
	GlobalSection(SolutionConfigurationPlatforms) = preSolution
		Debug|Any CPU = Debug|Any CPU
		Release|Any CPU = Release|Any CPU
	EndGlobalSection
	GlobalSection(ProjectConfigurationPlatforms) = postSolution
		{8AE870FA-ED7A-4D15-8944-F737939E84BA}.Debug|Any CPU.ActiveCfg = Debug|Any CPU
		{8AE870FA-ED7A-4D15-8944-F737939E84BA}.Debug|Any CPU.Build.0 = Debug|Any CPU
		{8AE870FA-ED7A-4D15-8944-F737939E84BA}.Release|Any CPU.ActiveCfg = Release|Any CPU
		{8AE870FA-ED7A-4D15-8944-F737939E84BA}.Release|Any CPU.Build.0 = Release|Any CPU
	EndGlobalSection
	GlobalSection(SolutionProperties) = preSolution
		HideSolutionNode = FALSE
	EndGlobalSection
	GlobalSection(ExtensibilityGlobals) = postSolution
		SolutionGuid = {5F0F698C-211C-4286-83E3-5A41267C27F0}
	EndGlobalSection
EndGlobal
